
Microsoft Visual Studio Solution File, Format Version 12.00
# Visual Studio Version 17
VisualStudioVersion = 17.13.35818.85
MinimumVisualStudioVersion = 10.0.40219.1
Project("{FAE04EC0-301F-11D3-BF4B-00C04F79EFBC}") = "CodeHarmony.App", "CodeHarmony.App\CodeHarmony.App.csproj", "{39CEDC68-A696-4658-9A5A-50DD3E1442B9}"
EndProject
Global
	GlobalSection(SolutionConfigurationPlatforms) = preSolution
		Debug|Any CPU = Debug|Any CPU
		Release|Any CPU = Release|Any CPU
	EndGlobalSection
	GlobalSection(ProjectConfigurationPlatforms) = postSolution
		{39CEDC68-A696-4658-9A5A-50DD3E1442B9}.Debug|Any CPU.ActiveCfg = Debug|Any CPU
		{39CEDC68-A696-4658-9A5A-50DD3E1442B9}.Debug|Any CPU.Build.0 = Debug|Any CPU
		{39CEDC68-A696-4658-9A5A-50DD3E1442B9}.Release|Any CPU.ActiveCfg = Release|Any CPU
		{39CEDC68-A696-4658-9A5A-50DD3E1442B9}.Release|Any CPU.Build.0 = Release|Any CPU
	EndGlobalSection
	GlobalSection(SolutionProperties) = preSolution
		HideSolutionNode = FALSE
	EndGlobalSection
	GlobalSection(ExtensibilityGlobals) = postSolution
		SolutionGuid = {DE708D33-086B-4FDA-B110-8114D7037098}
	EndGlobalSection
EndGlobal
